// !$*UTF8*$!
{
	archiveVersion = 1;
	classes = {
	};
	objectVersion = 46;
	objects = {

/* Begin PBXBuildFile section */
		842C2CDF1F3A199400C2EE19 /* ChatLogController.swift in Sources */ = {isa = PBXBuildFile; fileRef = 842C2CDE1F3A199400C2EE19 /* ChatLogController.swift */; };
		842C2CE11F3B5DC000C2EE19 /* Message.swift in Sources */ = {isa = PBXBuildFile; fileRef = 842C2CE01F3B5DC000C2EE19 /* Message.swift */; };
		842C2CE31F3F80FD00C2EE19 /* ChatMessageCell.swift in Sources */ = {isa = PBXBuildFile; fileRef = 842C2CE21F3F80FD00C2EE19 /* ChatMessageCell.swift */; };
		842C2CE51F43128500C2EE19 /* UserCell.swift in Sources */ = {isa = PBXBuildFile; fileRef = 842C2CE41F43128500C2EE19 /* UserCell.swift */; };
		843465431F37AB59001A458F /* NewMessageController.swift in Sources */ = {isa = PBXBuildFile; fileRef = 843465421F37AB59001A458F /* NewMessageController.swift */; };
		843465451F38B55D001A458F /* User.swift in Sources */ = {isa = PBXBuildFile; fileRef = 843465441F38B55D001A458F /* User.swift */; };
		84C42C7C1F34B0BC0042CD45 /* GoogleService-Info.plist in Resources */ = {isa = PBXBuildFile; fileRef = 84C42C7B1F34B0BC0042CD45 /* GoogleService-Info.plist */; };
		B5EC286A7F6F068B1A46B8AE /* Pods_messaging_app.framework in Frameworks */ = {isa = PBXBuildFile; fileRef = 5961684557AAB7E1A6B74B2B /* Pods_messaging_app.framework */; };
		C7A24D811D1E45DF00011542 /* AppDelegate.swift in Sources */ = {isa = PBXBuildFile; fileRef = C7A24D801D1E45DF00011542 /* AppDelegate.swift */; };
		C7A24D831D1E45DF00011542 /* MessagesController.swift in Sources */ = {isa = PBXBuildFile; fileRef = C7A24D821D1E45DF00011542 /* MessagesController.swift */; };
		C7A24D861D1E45DF00011542 /* Main.storyboard in Resources */ = {isa = PBXBuildFile; fileRef = C7A24D841D1E45DF00011542 /* Main.storyboard */; };
		C7A24D881D1E45DF00011542 /* Assets.xcassets in Resources */ = {isa = PBXBuildFile; fileRef = C7A24D871D1E45DF00011542 /* Assets.xcassets */; };
		C7A24D8B1D1E45DF00011542 /* LaunchScreen.storyboard in Resources */ = {isa = PBXBuildFile; fileRef = C7A24D891D1E45DF00011542 /* LaunchScreen.storyboard */; };
		C7A24D941D1E470400011542 /* LoginController.swift in Sources */ = {isa = PBXBuildFile; fileRef = C7A24D931D1E470400011542 /* LoginController.swift */; };
/* End PBXBuildFile section */

/* Begin PBXFileReference section */
		16A6D651A588EEFE91354D19 /* Pods-messaging app.debug.xcconfig */ = {isa = PBXFileReference; includeInIndex = 1; lastKnownFileType = text.xcconfig; name = "Pods-messaging app.debug.xcconfig"; path = "Pods/Target Support Files/Pods-messaging app/Pods-messaging app.debug.xcconfig"; sourceTree = "<group>"; };
		5961684557AAB7E1A6B74B2B /* Pods_messaging_app.framework */ = {isa = PBXFileReference; explicitFileType = wrapper.framework; includeInIndex = 0; path = Pods_messaging_app.framework; sourceTree = BUILT_PRODUCTS_DIR; };
		842C2CDE1F3A199400C2EE19 /* ChatLogController.swift */ = {isa = PBXFileReference; fileEncoding = 4; lastKnownFileType = sourcecode.swift; path = ChatLogController.swift; sourceTree = "<group>"; };
		842C2CE01F3B5DC000C2EE19 /* Message.swift */ = {isa = PBXFileReference; fileEncoding = 4; lastKnownFileType = sourcecode.swift; path = Message.swift; sourceTree = "<group>"; };
		842C2CE21F3F80FD00C2EE19 /* ChatMessageCell.swift */ = {isa = PBXFileReference; fileEncoding = 4; indentWidth = 3; lastKnownFileType = sourcecode.swift; path = ChatMessageCell.swift; sourceTree = "<group>"; };
		842C2CE41F43128500C2EE19 /* UserCell.swift */ = {isa = PBXFileReference; fileEncoding = 4; lastKnownFileType = sourcecode.swift; path = UserCell.swift; sourceTree = "<group>"; };
		843465421F37AB59001A458F /* NewMessageController.swift */ = {isa = PBXFileReference; fileEncoding = 4; lastKnownFileType = sourcecode.swift; path = NewMessageController.swift; sourceTree = "<group>"; };
		843465441F38B55D001A458F /* User.swift */ = {isa = PBXFileReference; fileEncoding = 4; lastKnownFileType = sourcecode.swift; path = User.swift; sourceTree = "<group>"; };
		84C42C7B1F34B0BC0042CD45 /* GoogleService-Info.plist */ = {isa = PBXFileReference; fileEncoding = 4; lastKnownFileType = text.plist.xml; path = "GoogleService-Info.plist"; sourceTree = "<group>"; };
		BF2163752F0E4F919056A9C8 /* Pods-messaging app.release.xcconfig */ = {isa = PBXFileReference; includeInIndex = 1; lastKnownFileType = text.xcconfig; name = "Pods-messaging app.release.xcconfig"; path = "Pods/Target Support Files/Pods-messaging app/Pods-messaging app.release.xcconfig"; sourceTree = "<group>"; };
		C7A24D7D1D1E45DF00011542 /* messaging app.app */ = {isa = PBXFileReference; explicitFileType = wrapper.application; includeInIndex = 0; path = "messaging app.app"; sourceTree = BUILT_PRODUCTS_DIR; };
		C7A24D801D1E45DF00011542 /* AppDelegate.swift */ = {isa = PBXFileReference; lastKnownFileType = sourcecode.swift; path = AppDelegate.swift; sourceTree = "<group>"; };
		C7A24D821D1E45DF00011542 /* MessagesController.swift */ = {isa = PBXFileReference; lastKnownFileType = sourcecode.swift; path = MessagesController.swift; sourceTree = "<group>"; };
		C7A24D851D1E45DF00011542 /* Base */ = {isa = PBXFileReference; lastKnownFileType = file.storyboard; name = Base; path = Base.lproj/Main.storyboard; sourceTree = "<group>"; };
		C7A24D871D1E45DF00011542 /* Assets.xcassets */ = {isa = PBXFileReference; lastKnownFileType = folder.assetcatalog; path = Assets.xcassets; sourceTree = "<group>"; };
		C7A24D8A1D1E45DF00011542 /* Base */ = {isa = PBXFileReference; lastKnownFileType = file.storyboard; name = Base; path = Base.lproj/LaunchScreen.storyboard; sourceTree = "<group>"; };
		C7A24D8C1D1E45DF00011542 /* Info.plist */ = {isa = PBXFileReference; lastKnownFileType = text.plist.xml; path = Info.plist; sourceTree = "<group>"; };
		C7A24D931D1E470400011542 /* LoginController.swift */ = {isa = PBXFileReference; fileEncoding = 4; lastKnownFileType = sourcecode.swift; path = LoginController.swift; sourceTree = "<group>"; };
/* End PBXFileReference section */

/* Begin PBXFrameworksBuildPhase section */
		C7A24D7A1D1E45DF00011542 /* Frameworks */ = {
			isa = PBXFrameworksBuildPhase;
			buildActionMask = 2147483647;
			files = (
				B5EC286A7F6F068B1A46B8AE /* Pods_messaging_app.framework in Frameworks */,
			);
			runOnlyForDeploymentPostprocessing = 0;
		};
/* End PBXFrameworksBuildPhase section */

/* Begin PBXGroup section */
		74A3F372C37BF7BC428049B1 /* Pods */ = {
			isa = PBXGroup;
			children = (
				16A6D651A588EEFE91354D19 /* Pods-messaging app.debug.xcconfig */,
				BF2163752F0E4F919056A9C8 /* Pods-messaging app.release.xcconfig */,
			);
			name = Pods;
			sourceTree = "<group>";
		};
		C7A24D741D1E45DF00011542 = {
			isa = PBXGroup;
			children = (
				C7A24D7F1D1E45DF00011542 /* messaging app */,
				C7A24D7E1D1E45DF00011542 /* Products */,
				74A3F372C37BF7BC428049B1 /* Pods */,
				EDFB3A3C05D6EB4B3A285069 /* Frameworks */,
			);
			sourceTree = "<group>";
		};
		C7A24D7E1D1E45DF00011542 /* Products */ = {
			isa = PBXGroup;
			children = (
				C7A24D7D1D1E45DF00011542 /* messaging app.app */,
			);
			name = Products;
			sourceTree = "<group>";
		};
		C7A24D7F1D1E45DF00011542 /* messaging app */ = {
			isa = PBXGroup;
			children = (
				C7A24D921D1E46ED00011542 /* Controller */,
				C7A24D801D1E45DF00011542 /* AppDelegate.swift */,
				C7A24D841D1E45DF00011542 /* Main.storyboard */,
				C7A24D871D1E45DF00011542 /* Assets.xcassets */,
				C7A24D891D1E45DF00011542 /* LaunchScreen.storyboard */,
				C7A24D8C1D1E45DF00011542 /* Info.plist */,
				84C42C7B1F34B0BC0042CD45 /* GoogleService-Info.plist */,
				843465441F38B55D001A458F /* User.swift */,
				842C2CE01F3B5DC000C2EE19 /* Message.swift */,
				842C2CE21F3F80FD00C2EE19 /* ChatMessageCell.swift */,
				842C2CE41F43128500C2EE19 /* UserCell.swift */,
			);
			name = "messaging app";
			path = gameofchats;
			sourceTree = "<group>";
		};
		C7A24D921D1E46ED00011542 /* Controller */ = {
			isa = PBXGroup;
			children = (
				C7A24D931D1E470400011542 /* LoginController.swift */,
				C7A24D821D1E45DF00011542 /* MessagesController.swift */,
				843465421F37AB59001A458F /* NewMessageController.swift */,
				842C2CDE1F3A199400C2EE19 /* ChatLogController.swift */,
			);
			name = Controller;
			sourceTree = "<group>";
		};
		EDFB3A3C05D6EB4B3A285069 /* Frameworks */ = {
			isa = PBXGroup;
			children = (
				5961684557AAB7E1A6B74B2B /* Pods_messaging_app.framework */,
			);
			name = Frameworks;
			sourceTree = "<group>";
		};
/* End PBXGroup section */

/* Begin PBXNativeTarget section */
		C7A24D7C1D1E45DF00011542 /* messaging app */ = {
			isa = PBXNativeTarget;
			buildConfigurationList = C7A24D8F1D1E45DF00011542 /* Build configuration list for PBXNativeTarget "messaging app" */;
			buildPhases = (
				5C8A0568F8F5C5F013E8E1E3 /* [CP] Check Pods Manifest.lock */,
				C7A24D791D1E45DF00011542 /* Sources */,
				C7A24D7A1D1E45DF00011542 /* Frameworks */,
				C7A24D7B1D1E45DF00011542 /* Resources */,
				2C9DFE76BA203248524B4988 /* [CP] Embed Pods Frameworks */,
				D8E67BDB801072AA35741894 /* [CP] Copy Pods Resources */,
			);
			buildRules = (
			);
			dependencies = (
			);
			name = "messaging app";
			productName = gameofchats;
			productReference = C7A24D7D1D1E45DF00011542 /* messaging app.app */;
			productType = "com.apple.product-type.application";
		};
/* End PBXNativeTarget section */

/* Begin PBXProject section */
		C7A24D751D1E45DF00011542 /* Project object */ = {
			isa = PBXProject;
			attributes = {
				LastSwiftUpdateCheck = 0730;
				LastUpgradeCheck = 0730;
				ORGANIZATIONNAME = letsbuildthatapp;
				TargetAttributes = {
					C7A24D7C1D1E45DF00011542 = {
						CreatedOnToolsVersion = 7.3.1;
						DevelopmentTeam = 3MG4479RHE;
						LastSwiftMigration = 0830;
					};
				};
			};
			buildConfigurationList = C7A24D781D1E45DF00011542 /* Build configuration list for PBXProject "messaging app" */;
			compatibilityVersion = "Xcode 3.2";
			developmentRegion = English;
			hasScannedForEncodings = 0;
			knownRegions = (
				en,
				Base,
			);
			mainGroup = C7A24D741D1E45DF00011542;
			productRefGroup = C7A24D7E1D1E45DF00011542 /* Products */;
			projectDirPath = "";
			projectRoot = "";
			targets = (
				C7A24D7C1D1E45DF00011542 /* messaging app */,
			);
		};
/* End PBXProject section */

/* Begin PBXResourcesBuildPhase section */
		C7A24D7B1D1E45DF00011542 /* Resources */ = {
			isa = PBXResourcesBuildPhase;
			buildActionMask = 2147483647;
			files = (
				C7A24D8B1D1E45DF00011542 /* LaunchScreen.storyboard in Resources */,
				C7A24D881D1E45DF00011542 /* Assets.xcassets in Resources */,
				C7A24D861D1E45DF00011542 /* Main.storyboard in Resources */,
				84C42C7C1F34B0BC0042CD45 /* GoogleService-Info.plist in Resources */,
			);
			runOnlyForDeploymentPostprocessing = 0;
		};
/* End PBXResourcesBuildPhase section */

/* Begin PBXShellScriptBuildPhase section */
		2C9DFE76BA203248524B4988 /* [CP] Embed Pods Frameworks */ = {
			isa = PBXShellScriptBuildPhase;
			buildActionMask = 2147483647;
			files = (
			);
			inputPaths = (
			);
			name = "[CP] Embed Pods Frameworks";
			outputPaths = (
			);
			runOnlyForDeploymentPostprocessing = 0;
			shellPath = /bin/sh;
			shellScript = "\"${SRCROOT}/Pods/Target Support Files/Pods-messaging app/Pods-messaging app-frameworks.sh\"\n";
			showEnvVarsInLog = 0;
		};
		5C8A0568F8F5C5F013E8E1E3 /* [CP] Check Pods Manifest.lock */ = {
			isa = PBXShellScriptBuildPhase;
			buildActionMask = 2147483647;
			files = (
			);
			inputPaths = (
			);
			name = "[CP] Check Pods Manifest.lock";
			outputPaths = (
			);
			runOnlyForDeploymentPostprocessing = 0;
			shellPath = /bin/sh;
			shellScript = "diff \"${PODS_PODFILE_DIR_PATH}/Podfile.lock\" \"${PODS_ROOT}/Manifest.lock\" > /dev/null\nif [ $? != 0 ] ; then\n    # print error to STDERR\n    echo \"error: The sandbox is not in sync with the Podfile.lock. Run 'pod install' or update your CocoaPods installation.\" >&2\n    exit 1\nfi\n";
			showEnvVarsInLog = 0;
		};
		D8E67BDB801072AA35741894 /* [CP] Copy Pods Resources */ = {
			isa = PBXShellScriptBuildPhase;
			buildActionMask = 2147483647;
			files = (
			);
			inputPaths = (
			);
			name = "[CP] Copy Pods Resources";
			outputPaths = (
			);
			runOnlyForDeploymentPostprocessing = 0;
			shellPath = /bin/sh;
			shellScript = "\"${SRCROOT}/Pods/Target Support Files/Pods-messaging app/Pods-messaging app-resources.sh\"\n";
			showEnvVarsInLog = 0;
		};
/* End PBXShellScriptBuildPhase section */

/* Begin PBXSourcesBuildPhase section */
		C7A24D791D1E45DF00011542 /* Sources */ = {
			isa = PBXSourcesBuildPhase;
			buildActionMask = 2147483647;
			files = (
				842C2CDF1F3A199400C2EE19 /* ChatLogController.swift in Sources */,
				843465431F37AB59001A458F /* NewMessageController.swift in Sources */,
				C7A24D831D1E45DF00011542 /* MessagesController.swift in Sources */,
				C7A24D941D1E470400011542 /* LoginController.swift in Sources */,
				843465451F38B55D001A458F /* User.swift in Sources */,
				842C2CE51F43128500C2EE19 /* UserCell.swift in Sources */,
				842C2CE31F3F80FD00C2EE19 /* ChatMessageCell.swift in Sources */,
				C7A24D811D1E45DF00011542 /* AppDelegate.swift in Sources */,
				842C2CE11F3B5DC000C2EE19 /* Message.swift in Sources */,
			);
			runOnlyForDeploymentPostprocessing = 0;
		};
/* End PBXSourcesBuildPhase section */

/* Begin PBXVariantGroup section */
		C7A24D841D1E45DF00011542 /* Main.storyboard */ = {
			isa = PBXVariantGroup;
			children = (
				C7A24D851D1E45DF00011542 /* Base */,
			);
			name = Main.storyboard;
			sourceTree = "<group>";
		};
		C7A24D891D1E45DF00011542 /* LaunchScreen.storyboard */ = {
			isa = PBXVariantGroup;
			children = (
				C7A24D8A1D1E45DF00011542 /* Base */,
			);
			name = LaunchScreen.storyboard;
			sourceTree = "<group>";
		};
/* End PBXVariantGroup section */

/* Begin XCBuildConfiguration section */
		C7A24D8D1D1E45DF00011542 /* Debug */ = {
			isa = XCBuildConfiguration;
			buildSettings = {
				ALWAYS_SEARCH_USER_PATHS = NO;
				CLANG_ANALYZER_NONNULL = YES;
				CLANG_CXX_LANGUAGE_STANDARD = "gnu++0x";
				CLANG_CXX_LIBRARY = "libc++";
				CLANG_ENABLE_MODULES = YES;
				CLANG_ENABLE_OBJC_ARC = YES;
				CLANG_WARN_BOOL_CONVERSION = YES;
				CLANG_WARN_CONSTANT_CONVERSION = YES;
				CLANG_WARN_DIRECT_OBJC_ISA_USAGE = YES_ERROR;
				CLANG_WARN_EMPTY_BODY = YES;
				CLANG_WARN_ENUM_CONVERSION = YES;
				CLANG_WARN_INT_CONVERSION = YES;
				CLANG_WARN_OBJC_ROOT_CLASS = YES_ERROR;
				CLANG_WARN_UNREACHABLE_CODE = YES;
				CLANG_WARN__DUPLICATE_METHOD_MATCH = YES;
				"CODE_SIGN_IDENTITY[sdk=iphoneos*]" = "iPhone Developer";
				COPY_PHASE_STRIP = NO;
				DEBUG_INFORMATION_FORMAT = dwarf;
				ENABLE_STRICT_OBJC_MSGSEND = YES;
				ENABLE_TESTABILITY = YES;
				GCC_C_LANGUAGE_STANDARD = gnu99;
				GCC_DYNAMIC_NO_PIC = NO;
				GCC_NO_COMMON_BLOCKS = YES;
				GCC_OPTIMIZATION_LEVEL = 0;
				GCC_PREPROCESSOR_DEFINITIONS = (
					"DEBUG=1",
					"$(inherited)",
				);
				GCC_WARN_64_TO_32_BIT_CONVERSION = YES;
				GCC_WARN_ABOUT_RETURN_TYPE = YES_ERROR;
				GCC_WARN_UNDECLARED_SELECTOR = YES;
				GCC_WARN_UNINITIALIZED_AUTOS = YES_AGGRESSIVE;
				GCC_WARN_UNUSED_FUNCTION = YES;
				GCC_WARN_UNUSED_VARIABLE = YES;
				IPHONEOS_DEPLOYMENT_TARGET = 9.3;
				MTL_ENABLE_DEBUG_INFO = YES;
				ONLY_ACTIVE_ARCH = YES;
				SDKROOT = iphoneos;
				SWIFT_OPTIMIZATION_LEVEL = "-Onone";
				TARGETED_DEVICE_FAMILY = "1,2";
			};
			name = Debug;
		};
		C7A24D8E1D1E45DF00011542 /* Release */ = {
			isa = XCBuildConfiguration;
			buildSettings = {
				ALWAYS_SEARCH_USER_PATHS = NO;
				CLANG_ANALYZER_NONNULL = YES;
				CLANG_CXX_LANGUAGE_STANDARD = "gnu++0x";
				CLANG_CXX_LIBRARY = "libc++";
				CLANG_ENABLE_MODULES = YES;
				CLANG_ENABLE_OBJC_ARC = YES;
				CLANG_WARN_BOOL_CONVERSION = YES;
				CLANG_WARN_CONSTANT_CONVERSION = YES;
				CLANG_WARN_DIRECT_OBJC_ISA_USAGE = YES_ERROR;
				CLANG_WARN_EMPTY_BODY = YES;
				CLANG_WARN_ENUM_CONVERSION = YES;
				CLANG_WARN_INT_CONVERSION = YES;
				CLANG_WARN_OBJC_ROOT_CLASS = YES_ERROR;
				CLANG_WARN_UNREACHABLE_CODE = YES;
				CLANG_WARN__DUPLICATE_METHOD_MATCH = YES;
				"CODE_SIGN_IDENTITY[sdk=iphoneos*]" = "iPhone Developer";
				COPY_PHASE_STRIP = NO;
				DEBUG_INFORMATION_FORMAT = "dwarf-with-dsym";
				ENABLE_NS_ASSERTIONS = NO;
				ENABLE_STRICT_OBJC_MSGSEND = YES;
				GCC_C_LANGUAGE_STANDARD = gnu99;
				GCC_NO_COMMON_BLOCKS = YES;
				GCC_WARN_64_TO_32_BIT_CONVERSION = YES;
				GCC_WARN_ABOUT_RETURN_TYPE = YES_ERROR;
				GCC_WARN_UNDECLARED_SELECTOR = YES;
				GCC_WARN_UNINITIALIZED_AUTOS = YES_AGGRESSIVE;
				GCC_WARN_UNUSED_FUNCTION = YES;
				GCC_WARN_UNUSED_VARIABLE = YES;
				IPHONEOS_DEPLOYMENT_TARGET = 9.3;
				MTL_ENABLE_DEBUG_INFO = NO;
				SDKROOT = iphoneos;
				TARGETED_DEVICE_FAMILY = "1,2";
				VALIDATE_PRODUCT = YES;
			};
			name = Release;
		};
		C7A24D901D1E45DF00011542 /* Debug */ = {
			isa = XCBuildConfiguration;
			baseConfigurationReference = 16A6D651A588EEFE91354D19 /* Pods-messaging app.debug.xcconfig */;
			buildSettings = {
				ASSETCATALOG_COMPILER_APPICON_NAME = AppIcon;
				DEVELOPMENT_TEAM = 3MG4479RHE;
				INFOPLIST_FILE = gameofchats/Info.plist;
				LD_RUNPATH_SEARCH_PATHS = "$(inherited) @executable_path/Frameworks";
				PRODUCT_BUNDLE_IDENTIFIER = com.admin.messagingapp;
				PRODUCT_NAME = "$(TARGET_NAME)";
				SWIFT_VERSION = 3.0;
			};
			name = Debug;
		};
		C7A24D911D1E45DF00011542 /* Release */ = {
			isa = XCBuildConfiguration;
			baseConfigurationReference = BF2163752F0E4F919056A9C8 /* Pods-messaging app.release.xcconfig */;
			buildSettings = {
				ASSETCATALOG_COMPILER_APPICON_NAME = AppIcon;
				DEVELOPMENT_TEAM = 3MG4479RHE;
				INFOPLIST_FILE = gameofchats/Info.plist;
				LD_RUNPATH_SEARCH_PATHS = "$(inherited) @executable_path/Frameworks";
				PRODUCT_BUNDLE_IDENTIFIER = com.admin.messagingapp;
				PRODUCT_NAME = "$(TARGET_NAME)";
				SWIFT_VERSION = 3.0;
			};
			name = Release;
		};
/* End XCBuildConfiguration section */

/* Begin XCConfigurationList section */
		C7A24D781D1E45DF00011542 /* Build configuration list for PBXProject "messaging app" */ = {
			isa = XCConfigurationList;
			buildConfigurations = (
				C7A24D8D1D1E45DF00011542 /* Debug */,
				C7A24D8E1D1E45DF00011542 /* Release */,
			);
			defaultConfigurationIsVisible = 0;
			defaultConfigurationName = Release;
		};
		C7A24D8F1D1E45DF00011542 /* Build configuration list for PBXNativeTarget "messaging app" */ = {
			isa = XCConfigurationList;
			buildConfigurations = (
				C7A24D901D1E45DF00011542 /* Debug */,
				C7A24D911D1E45DF00011542 /* Release */,
			);
			defaultConfigurationIsVisible = 0;
			defaultConfigurationName = Release;
		};
/* End XCConfigurationList section */
	};
	rootObject = C7A24D751D1E45DF00011542 /* Project object */;
}
